
Microsoft Visual Studio Solution File, Format Version 12.00
# Visual Studio Version 17
VisualStudioVersion = 17.4.33213.308
MinimumVisualStudioVersion = 10.0.40219.1
Project("{FAE04EC0-301F-11D3-BF4B-00C04F79EFBC}") = "GradPro.API", "GradPro.API\GradPro.API.csproj", "{D446AE54-2AA0-4F55-A208-C0EE1729A3BD}"
EndProject
Project("{FAE04EC0-301F-11D3-BF4B-00C04F79EFBC}") = "GradPro.CORE", "GradPro.CORE\GradPro.CORE.csproj", "{C958245E-17F0-4538-B237-209702893F42}"
EndProject
Project("{FAE04EC0-301F-11D3-BF4B-00C04F79EFBC}") = "GradPro.INFRA", "GradPro.INFRA\GradPro.INFRA.csproj", "{5E9D2755-F1B7-4522-89A4-653FA41B9372}"
EndProject
Global
	GlobalSection(SolutionConfigurationPlatforms) = preSolution
		Debug|Any CPU = Debug|Any CPU
		Release|Any CPU = Release|Any CPU
	EndGlobalSection
	GlobalSection(ProjectConfigurationPlatforms) = postSolution
		{D446AE54-2AA0-4F55-A208-C0EE1729A3BD}.Debug|Any CPU.ActiveCfg = Debug|Any CPU
		{D446AE54-2AA0-4F55-A208-C0EE1729A3BD}.Debug|Any CPU.Build.0 = Debug|Any CPU
		{D446AE54-2AA0-4F55-A208-C0EE1729A3BD}.Release|Any CPU.ActiveCfg = Release|Any CPU
		{D446AE54-2AA0-4F55-A208-C0EE1729A3BD}.Release|Any CPU.Build.0 = Release|Any CPU
		{C958245E-17F0-4538-B237-209702893F42}.Debug|Any CPU.ActiveCfg = Debug|Any CPU
		{C958245E-17F0-4538-B237-209702893F42}.Debug|Any CPU.Build.0 = Debug|Any CPU
		{C958245E-17F0-4538-B237-209702893F42}.Release|Any CPU.ActiveCfg = Release|Any CPU
		{C958245E-17F0-4538-B237-209702893F42}.Release|Any CPU.Build.0 = Release|Any CPU
		{5E9D2755-F1B7-4522-89A4-653FA41B9372}.Debug|Any CPU.ActiveCfg = Debug|Any CPU
		{5E9D2755-F1B7-4522-89A4-653FA41B9372}.Debug|Any CPU.Build.0 = Debug|Any CPU
		{5E9D2755-F1B7-4522-89A4-653FA41B9372}.Release|Any CPU.ActiveCfg = Release|Any CPU
		{5E9D2755-F1B7-4522-89A4-653FA41B9372}.Release|Any CPU.Build.0 = Release|Any CPU
	EndGlobalSection
	GlobalSection(SolutionProperties) = preSolution
		HideSolutionNode = FALSE
	EndGlobalSection
	GlobalSection(ExtensibilityGlobals) = postSolution
		SolutionGuid = {399F58F0-1B1D-43E3-B64A-6A87AA40C231}
	EndGlobalSection
EndGlobal
